
Microsoft Visual Studio Solution File, Format Version 12.00
# Visual Studio Version 17
VisualStudioVersion = 17.9.34701.34
MinimumVisualStudioVersion = 10.0.40219.1
Project("{2150E333-8FDC-42A3-9474-1A3956D46DE8}") = "Doc", "Doc", "{B3651267-76A8-40FE-AEC5-0DC9D2D695A0}"
EndProject
Project("{2150E333-8FDC-42A3-9474-1A3956D46DE8}") = "Src", "Src", "{423D19E6-EF27-46F3-B724-9CFD68CE328B}"
EndProject
Project("{2150E333-8FDC-42A3-9474-1A3956D46DE8}") = "Test", "Test", "{4FCD6945-2A35-41E1-B2C1-D9557C2309E6}"
EndProject
Project("{2150E333-8FDC-42A3-9474-1A3956D46DE8}") = "Commen", "Commen", "{0C33F5EF-7563-4771-8E71-DFDF9FEF500A}"
EndProject
Project("{2150E333-8FDC-42A3-9474-1A3956D46DE8}") = "Core", "Core", "{7A759846-A434-414D-ACDE-42A8C4835B3C}"
EndProject
Project("{2150E333-8FDC-42A3-9474-1A3956D46DE8}") = "Infrastructure", "Infrastructure", "{EE77B071-22E6-4F7B-890F-23981DA55138}"
EndProject
Project("{2150E333-8FDC-42A3-9474-1A3956D46DE8}") = "Presentation", "Presentation", "{8D714F1A-CA7E-42B4-A78F-FA75BE2AE077}"
EndProject
Project("{9A19103F-16F7-4668-BE54-9A1E7A4F7556}") = "Shop.Ccommon", "Shop.Ccommon\Shop.Ccommon.csproj", "{1EF59169-BCDE-4DF3-90EA-DA1C752F6CAD}"
EndProject
Project("{9A19103F-16F7-4668-BE54-9A1E7A4F7556}") = "Shop.Domain", "Shop.Domain\Shop.Domain.csproj", "{C93312C7-17A2-496D-9E72-3C5C87051D36}"
EndProject
Project("{9A19103F-16F7-4668-BE54-9A1E7A4F7556}") = "Shop.Application", "Shop.Application\Shop.Application.csproj", "{8D5ECA7B-2CDF-42E0-9DDA-C54B1DDBD612}"
EndProject
Project("{9A19103F-16F7-4668-BE54-9A1E7A4F7556}") = "Shop.Infrastructure", "ClassLibrary1\Shop.Infrastructure.csproj", "{3F5FF716-C1F1-4C30-8EDD-0166DCFBEE4B}"
EndProject
Project("{9A19103F-16F7-4668-BE54-9A1E7A4F7556}") = "Shop.Persistence", "Shop.Persistence\Shop.Persistence.csproj", "{35A0EDD2-9562-44A1-ADAF-902F6CE8E00F}"
EndProject
Project("{9A19103F-16F7-4668-BE54-9A1E7A4F7556}") = "Shop.Presentation", "Shop.Presentation\Shop.Presentation.csproj", "{CD84C583-5A2D-456B-AC81-6E9756233BA0}"
EndProject
Global
	GlobalSection(SolutionConfigurationPlatforms) = preSolution
		Debug|Any CPU = Debug|Any CPU
		Release|Any CPU = Release|Any CPU
	EndGlobalSection
	GlobalSection(ProjectConfigurationPlatforms) = postSolution
		{1EF59169-BCDE-4DF3-90EA-DA1C752F6CAD}.Debug|Any CPU.ActiveCfg = Debug|Any CPU
		{1EF59169-BCDE-4DF3-90EA-DA1C752F6CAD}.Debug|Any CPU.Build.0 = Debug|Any CPU
		{1EF59169-BCDE-4DF3-90EA-DA1C752F6CAD}.Release|Any CPU.ActiveCfg = Release|Any CPU
		{1EF59169-BCDE-4DF3-90EA-DA1C752F6CAD}.Release|Any CPU.Build.0 = Release|Any CPU
		{C93312C7-17A2-496D-9E72-3C5C87051D36}.Debug|Any CPU.ActiveCfg = Debug|Any CPU
		{C93312C7-17A2-496D-9E72-3C5C87051D36}.Debug|Any CPU.Build.0 = Debug|Any CPU
		{C93312C7-17A2-496D-9E72-3C5C87051D36}.Release|Any CPU.ActiveCfg = Release|Any CPU
		{C93312C7-17A2-496D-9E72-3C5C87051D36}.Release|Any CPU.Build.0 = Release|Any CPU
		{8D5ECA7B-2CDF-42E0-9DDA-C54B1DDBD612}.Debug|Any CPU.ActiveCfg = Debug|Any CPU
		{8D5ECA7B-2CDF-42E0-9DDA-C54B1DDBD612}.Debug|Any CPU.Build.0 = Debug|Any CPU
		{8D5ECA7B-2CDF-42E0-9DDA-C54B1DDBD612}.Release|Any CPU.ActiveCfg = Release|Any CPU
		{8D5ECA7B-2CDF-42E0-9DDA-C54B1DDBD612}.Release|Any CPU.Build.0 = Release|Any CPU
		{3F5FF716-C1F1-4C30-8EDD-0166DCFBEE4B}.Debug|Any CPU.ActiveCfg = Debug|Any CPU
		{3F5FF716-C1F1-4C30-8EDD-0166DCFBEE4B}.Debug|Any CPU.Build.0 = Debug|Any CPU
		{3F5FF716-C1F1-4C30-8EDD-0166DCFBEE4B}.Release|Any CPU.ActiveCfg = Release|Any CPU
		{3F5FF716-C1F1-4C30-8EDD-0166DCFBEE4B}.Release|Any CPU.Build.0 = Release|Any CPU
		{35A0EDD2-9562-44A1-ADAF-902F6CE8E00F}.Debug|Any CPU.ActiveCfg = Debug|Any CPU
		{35A0EDD2-9562-44A1-ADAF-902F6CE8E00F}.Debug|Any CPU.Build.0 = Debug|Any CPU
		{35A0EDD2-9562-44A1-ADAF-902F6CE8E00F}.Release|Any CPU.ActiveCfg = Release|Any CPU
		{35A0EDD2-9562-44A1-ADAF-902F6CE8E00F}.Release|Any CPU.Build.0 = Release|Any CPU
		{CD84C583-5A2D-456B-AC81-6E9756233BA0}.Debug|Any CPU.ActiveCfg = Debug|Any CPU
		{CD84C583-5A2D-456B-AC81-6E9756233BA0}.Debug|Any CPU.Build.0 = Debug|Any CPU
		{CD84C583-5A2D-456B-AC81-6E9756233BA0}.Release|Any CPU.ActiveCfg = Release|Any CPU
		{CD84C583-5A2D-456B-AC81-6E9756233BA0}.Release|Any CPU.Build.0 = Release|Any CPU
	EndGlobalSection
	GlobalSection(SolutionProperties) = preSolution
		HideSolutionNode = FALSE
	EndGlobalSection
	GlobalSection(NestedProjects) = preSolution
		{0C33F5EF-7563-4771-8E71-DFDF9FEF500A} = {423D19E6-EF27-46F3-B724-9CFD68CE328B}
		{7A759846-A434-414D-ACDE-42A8C4835B3C} = {423D19E6-EF27-46F3-B724-9CFD68CE328B}
		{EE77B071-22E6-4F7B-890F-23981DA55138} = {423D19E6-EF27-46F3-B724-9CFD68CE328B}
		{8D714F1A-CA7E-42B4-A78F-FA75BE2AE077} = {423D19E6-EF27-46F3-B724-9CFD68CE328B}
		{1EF59169-BCDE-4DF3-90EA-DA1C752F6CAD} = {0C33F5EF-7563-4771-8E71-DFDF9FEF500A}
		{C93312C7-17A2-496D-9E72-3C5C87051D36} = {7A759846-A434-414D-ACDE-42A8C4835B3C}
		{8D5ECA7B-2CDF-42E0-9DDA-C54B1DDBD612} = {7A759846-A434-414D-ACDE-42A8C4835B3C}
		{3F5FF716-C1F1-4C30-8EDD-0166DCFBEE4B} = {EE77B071-22E6-4F7B-890F-23981DA55138}
		{35A0EDD2-9562-44A1-ADAF-902F6CE8E00F} = {EE77B071-22E6-4F7B-890F-23981DA55138}
		{CD84C583-5A2D-456B-AC81-6E9756233BA0} = {8D714F1A-CA7E-42B4-A78F-FA75BE2AE077}
	EndGlobalSection
	GlobalSection(ExtensibilityGlobals) = postSolution
		SolutionGuid = {5E760C2C-8D93-4259-9A7E-B087C66C03C3}
	EndGlobalSection
EndGlobal
